// !$*UTF8*$!
{
	archiveVersion = 1;
	classes = {
	};
	objectVersion = 46;
	objects = {

/* Begin PBXBuildFile section */
		7A49FE2C1E2F12F40021D412 /* AppDelegate.swift in Sources */ = {isa = PBXBuildFile; fileRef = 7A49FE2B1E2F12F40021D412 /* AppDelegate.swift */; };
		7A49FE2E1E2F12F40021D412 /* ViewController.swift in Sources */ = {isa = PBXBuildFile; fileRef = 7A49FE2D1E2F12F40021D412 /* ViewController.swift */; };
		7A49FE311E2F12F40021D412 /* Main.storyboard in Resources */ = {isa = PBXBuildFile; fileRef = 7A49FE2F1E2F12F40021D412 /* Main.storyboard */; };
		7A49FE341E2F12F40021D412 /* Eaze.xcdatamodeld in Sources */ = {isa = PBXBuildFile; fileRef = 7A49FE321E2F12F40021D412 /* Eaze.xcdatamodeld */; };
		7A49FE361E2F12F40021D412 /* Assets.xcassets in Resources */ = {isa = PBXBuildFile; fileRef = 7A49FE351E2F12F40021D412 /* Assets.xcassets */; };
		7A49FE391E2F12F40021D412 /* LaunchScreen.storyboard in Resources */ = {isa = PBXBuildFile; fileRef = 7A49FE371E2F12F40021D412 /* LaunchScreen.storyboard */; };
		7A49FE441E2F23070021D412 /* Bolts.framework in Frameworks */ = {isa = PBXBuildFile; fileRef = 7A49FE401E2F23070021D412 /* Bolts.framework */; };
		7A49FE451E2F23070021D412 /* FBSDKCoreKit.framework in Frameworks */ = {isa = PBXBuildFile; fileRef = 7A49FE411E2F23070021D412 /* FBSDKCoreKit.framework */; };
		7A49FE461E2F23070021D412 /* FBSDKLoginKit.framework in Frameworks */ = {isa = PBXBuildFile; fileRef = 7A49FE421E2F23070021D412 /* FBSDKLoginKit.framework */; };
		7A49FE471E2F23070021D412 /* FBSDKShareKit.framework in Frameworks */ = {isa = PBXBuildFile; fileRef = 7A49FE431E2F23070021D412 /* FBSDKShareKit.framework */; };
		7A49FE4B1E2F25130021D412 /* NSMutableArray+FBbridgingHeader.m in Sources */ = {isa = PBXBuildFile; fileRef = 7A49FE4A1E2F25130021D412 /* NSMutableArray+FBbridgingHeader.m */; };
		7A4BF01C1E85F316009825C8 /* DataController.swift in Sources */ = {isa = PBXBuildFile; fileRef = 7A4BF01B1E85F316009825C8 /* DataController.swift */; };
		7A5D807F1E778E120074DF7C /* EditProfileTableViewController.swift in Sources */ = {isa = PBXBuildFile; fileRef = 7A5D807E1E778E120074DF7C /* EditProfileTableViewController.swift */; };
		7A5D80811E778E340074DF7C /* ChangeProfilePictureViewController.swift in Sources */ = {isa = PBXBuildFile; fileRef = 7A5D80801E778E340074DF7C /* ChangeProfilePictureViewController.swift */; };
		7A5D80841E7790AB0074DF7C /* ServerCalls.swift in Sources */ = {isa = PBXBuildFile; fileRef = 7A5D80831E7790AB0074DF7C /* ServerCalls.swift */; };
		7A5D80871E7790CC0074DF7C /* CoreDataMethods.swift in Sources */ = {isa = PBXBuildFile; fileRef = 7A5D80861E7790CC0074DF7C /* CoreDataMethods.swift */; };
		7A5D808B1E7791480074DF7C /* User+CoreDataClass.swift in Sources */ = {isa = PBXBuildFile; fileRef = 7A5D80891E7791480074DF7C /* User+CoreDataClass.swift */; };
		7A5D808C1E7791480074DF7C /* User+CoreDataProperties.swift in Sources */ = {isa = PBXBuildFile; fileRef = 7A5D808A1E7791480074DF7C /* User+CoreDataProperties.swift */; };
		7A8702A81E30688D00303E85 /* Global.swift in Sources */ = {isa = PBXBuildFile; fileRef = 7A8702A71E30688D00303E85 /* Global.swift */; };
		7AA266281E635AA6000598D4 /* OnboardingPageViewController.swift in Sources */ = {isa = PBXBuildFile; fileRef = 7AA266271E635AA6000598D4 /* OnboardingPageViewController.swift */; };
		7AA2662A1E635ADE000598D4 /* OnboardingSubViewController.swift in Sources */ = {isa = PBXBuildFile; fileRef = 7AA266291E635ADE000598D4 /* OnboardingSubViewController.swift */; };
		7AA9734D1E31CA1900ABCC85 /* CoreLocation.framework in Frameworks */ = {isa = PBXBuildFile; fileRef = 7AA9734C1E31CA1900ABCC85 /* CoreLocation.framework */; };
		7AA9734F1E31CB6600ABCC85 /* currentLocViewController.swift in Sources */ = {isa = PBXBuildFile; fileRef = 7AA9734E1E31CB6600ABCC85 /* currentLocViewController.swift */; };
		7AACFF941E907C2C002EAD13 /* FavoriteTableViewCell.swift in Sources */ = {isa = PBXBuildFile; fileRef = 7AACFF931E907C2C002EAD13 /* FavoriteTableViewCell.swift */; };
		7AE2C5F31E5FE5FC00C7218D /* SearchBarTableViewCell.swift in Sources */ = {isa = PBXBuildFile; fileRef = 7AE2C5F21E5FE5FC00C7218D /* SearchBarTableViewCell.swift */; };
		7AFE578B1E535D2700772C1D /* NearbyTableViewController.swift in Sources */ = {isa = PBXBuildFile; fileRef = 7AFE578A1E535D2700772C1D /* NearbyTableViewController.swift */; };
		7AFE578F1E54BD5100772C1D /* profileViewController.swift in Sources */ = {isa = PBXBuildFile; fileRef = 7AFE578E1E54BD5100772C1D /* profileViewController.swift */; };
		86C01F57B97FB4778C04B83A /* Pods_Eaze.framework in Frameworks */ = {isa = PBXBuildFile; fileRef = 9A2CAA852E4A782909CE29C1 /* Pods_Eaze.framework */; };
/* End PBXBuildFile section */

/* Begin PBXFileReference section */
		7A49FE281E2F12F40021D412 /* Eaze.app */ = {isa = PBXFileReference; explicitFileType = wrapper.application; includeInIndex = 0; path = Eaze.app; sourceTree = BUILT_PRODUCTS_DIR; };
		7A49FE2B1E2F12F40021D412 /* AppDelegate.swift */ = {isa = PBXFileReference; lastKnownFileType = sourcecode.swift; path = AppDelegate.swift; sourceTree = "<group>"; };
		7A49FE2D1E2F12F40021D412 /* ViewController.swift */ = {isa = PBXFileReference; lastKnownFileType = sourcecode.swift; path = ViewController.swift; sourceTree = "<group>"; };
		7A49FE301E2F12F40021D412 /* Base */ = {isa = PBXFileReference; lastKnownFileType = file.storyboard; name = Base; path = Base.lproj/Main.storyboard; sourceTree = "<group>"; };
		7A49FE331E2F12F40021D412 /* Eaze.xcdatamodel */ = {isa = PBXFileReference; lastKnownFileType = wrapper.xcdatamodel; path = Eaze.xcdatamodel; sourceTree = "<group>"; };
		7A49FE351E2F12F40021D412 /* Assets.xcassets */ = {isa = PBXFileReference; lastKnownFileType = folder.assetcatalog; path = Assets.xcassets; sourceTree = "<group>"; };
		7A49FE381E2F12F40021D412 /* Base */ = {isa = PBXFileReference; lastKnownFileType = file.storyboard; name = Base; path = Base.lproj/LaunchScreen.storyboard; sourceTree = "<group>"; };
		7A49FE3A1E2F12F40021D412 /* Info.plist */ = {isa = PBXFileReference; lastKnownFileType = text.plist.xml; path = Info.plist; sourceTree = "<group>"; };
		7A49FE401E2F23070021D412 /* Bolts.framework */ = {isa = PBXFileReference; lastKnownFileType = wrapper.framework; path = Bolts.framework; sourceTree = "<group>"; };
		7A49FE411E2F23070021D412 /* FBSDKCoreKit.framework */ = {isa = PBXFileReference; lastKnownFileType = wrapper.framework; path = FBSDKCoreKit.framework; sourceTree = "<group>"; };
		7A49FE421E2F23070021D412 /* FBSDKLoginKit.framework */ = {isa = PBXFileReference; lastKnownFileType = wrapper.framework; path = FBSDKLoginKit.framework; sourceTree = "<group>"; };
		7A49FE431E2F23070021D412 /* FBSDKShareKit.framework */ = {isa = PBXFileReference; lastKnownFileType = wrapper.framework; path = FBSDKShareKit.framework; sourceTree = "<group>"; };
		7A49FE481E2F25120021D412 /* Eaze-Bridging-Header.h */ = {isa = PBXFileReference; lastKnownFileType = sourcecode.c.h; path = "Eaze-Bridging-Header.h"; sourceTree = "<group>"; };
		7A49FE491E2F25130021D412 /* NSMutableArray+FBbridgingHeader.h */ = {isa = PBXFileReference; fileEncoding = 4; lastKnownFileType = sourcecode.c.h; path = "NSMutableArray+FBbridgingHeader.h"; sourceTree = "<group>"; };
		7A49FE4A1E2F25130021D412 /* NSMutableArray+FBbridgingHeader.m */ = {isa = PBXFileReference; fileEncoding = 4; lastKnownFileType = sourcecode.c.objc; path = "NSMutableArray+FBbridgingHeader.m"; sourceTree = "<group>"; };
		7A4BF01B1E85F316009825C8 /* DataController.swift */ = {isa = PBXFileReference; fileEncoding = 4; lastKnownFileType = sourcecode.swift; path = DataController.swift; sourceTree = "<group>"; };
		7A5D807E1E778E120074DF7C /* EditProfileTableViewController.swift */ = {isa = PBXFileReference; fileEncoding = 4; lastKnownFileType = sourcecode.swift; path = EditProfileTableViewController.swift; sourceTree = "<group>"; };
		7A5D80801E778E340074DF7C /* ChangeProfilePictureViewController.swift */ = {isa = PBXFileReference; fileEncoding = 4; lastKnownFileType = sourcecode.swift; path = ChangeProfilePictureViewController.swift; sourceTree = "<group>"; };
		7A5D80831E7790AB0074DF7C /* ServerCalls.swift */ = {isa = PBXFileReference; fileEncoding = 4; lastKnownFileType = sourcecode.swift; path = ServerCalls.swift; sourceTree = "<group>"; };
		7A5D80861E7790CC0074DF7C /* CoreDataMethods.swift */ = {isa = PBXFileReference; fileEncoding = 4; lastKnownFileType = sourcecode.swift; path = CoreDataMethods.swift; sourceTree = "<group>"; };
		7A5D80891E7791480074DF7C /* User+CoreDataClass.swift */ = {isa = PBXFileReference; fileEncoding = 4; lastKnownFileType = sourcecode.swift; path = "User+CoreDataClass.swift"; sourceTree = "<group>"; };
		7A5D808A1E7791480074DF7C /* User+CoreDataProperties.swift */ = {isa = PBXFileReference; fileEncoding = 4; lastKnownFileType = sourcecode.swift; path = "User+CoreDataProperties.swift"; sourceTree = "<group>"; };
		7A5D808D1E7791720074DF7C /* Eaze1.xcdatamodel */ = {isa = PBXFileReference; lastKnownFileType = wrapper.xcdatamodel; path = Eaze1.xcdatamodel; sourceTree = "<group>"; };
		7A8702A71E30688D00303E85 /* Global.swift */ = {isa = PBXFileReference; fileEncoding = 4; lastKnownFileType = sourcecode.swift; path = Global.swift; sourceTree = "<group>"; };
		7AA266271E635AA6000598D4 /* OnboardingPageViewController.swift */ = {isa = PBXFileReference; fileEncoding = 4; lastKnownFileType = sourcecode.swift; path = OnboardingPageViewController.swift; sourceTree = "<group>"; };
		7AA266291E635ADE000598D4 /* OnboardingSubViewController.swift */ = {isa = PBXFileReference; fileEncoding = 4; lastKnownFileType = sourcecode.swift; path = OnboardingSubViewController.swift; sourceTree = "<group>"; };
		7AA9734C1E31CA1900ABCC85 /* CoreLocation.framework */ = {isa = PBXFileReference; lastKnownFileType = wrapper.framework; name = CoreLocation.framework; path = System/Library/Frameworks/CoreLocation.framework; sourceTree = SDKROOT; };
		7AA9734E1E31CB6600ABCC85 /* currentLocViewController.swift */ = {isa = PBXFileReference; fileEncoding = 4; lastKnownFileType = sourcecode.swift; path = currentLocViewController.swift; sourceTree = "<group>"; };
		7AACFF931E907C2C002EAD13 /* FavoriteTableViewCell.swift */ = {isa = PBXFileReference; fileEncoding = 4; lastKnownFileType = sourcecode.swift; path = FavoriteTableViewCell.swift; sourceTree = "<group>"; };
		7AD51D531E86C7C8007EE401 /* Eaze2.xcdatamodel */ = {isa = PBXFileReference; lastKnownFileType = wrapper.xcdatamodel; path = Eaze2.xcdatamodel; sourceTree = "<group>"; };
		7AE2C5F21E5FE5FC00C7218D /* SearchBarTableViewCell.swift */ = {isa = PBXFileReference; fileEncoding = 4; lastKnownFileType = sourcecode.swift; path = SearchBarTableViewCell.swift; sourceTree = "<group>"; };
		7AFE578A1E535D2700772C1D /* NearbyTableViewController.swift */ = {isa = PBXFileReference; fileEncoding = 4; lastKnownFileType = sourcecode.swift; path = NearbyTableViewController.swift; sourceTree = "<group>"; };
		7AFE578E1E54BD5100772C1D /* profileViewController.swift */ = {isa = PBXFileReference; fileEncoding = 4; lastKnownFileType = sourcecode.swift; path = profileViewController.swift; sourceTree = "<group>"; };
		9A2CAA852E4A782909CE29C1 /* Pods_Eaze.framework */ = {isa = PBXFileReference; explicitFileType = wrapper.framework; includeInIndex = 0; path = Pods_Eaze.framework; sourceTree = BUILT_PRODUCTS_DIR; };
		B810C0324E2A580EADBE8E5B /* Pods-Eaze.debug.xcconfig */ = {isa = PBXFileReference; includeInIndex = 1; lastKnownFileType = text.xcconfig; name = "Pods-Eaze.debug.xcconfig"; path = "Pods/Target Support Files/Pods-Eaze/Pods-Eaze.debug.xcconfig"; sourceTree = "<group>"; };
		CA057D7C373F49FE141167BB /* Pods-Eaze.release.xcconfig */ = {isa = PBXFileReference; includeInIndex = 1; lastKnownFileType = text.xcconfig; name = "Pods-Eaze.release.xcconfig"; path = "Pods/Target Support Files/Pods-Eaze/Pods-Eaze.release.xcconfig"; sourceTree = "<group>"; };
/* End PBXFileReference section */

/* Begin PBXFrameworksBuildPhase section */
		7A49FE251E2F12F30021D412 /* Frameworks */ = {
			isa = PBXFrameworksBuildPhase;
			buildActionMask = 2147483647;
			files = (
				7AA9734D1E31CA1900ABCC85 /* CoreLocation.framework in Frameworks */,
				86C01F57B97FB4778C04B83A /* Pods_Eaze.framework in Frameworks */,
				7A49FE451E2F23070021D412 /* FBSDKCoreKit.framework in Frameworks */,
				7A49FE471E2F23070021D412 /* FBSDKShareKit.framework in Frameworks */,
				7A49FE461E2F23070021D412 /* FBSDKLoginKit.framework in Frameworks */,
				7A49FE441E2F23070021D412 /* Bolts.framework in Frameworks */,
			);
			runOnlyForDeploymentPostprocessing = 0;
		};
/* End PBXFrameworksBuildPhase section */

/* Begin PBXGroup section */
		0ED656C3884A1C69D7241295 /* Pods */ = {
			isa = PBXGroup;
			children = (
				B810C0324E2A580EADBE8E5B /* Pods-Eaze.debug.xcconfig */,
				CA057D7C373F49FE141167BB /* Pods-Eaze.release.xcconfig */,
			);
			name = Pods;
			sourceTree = "<group>";
		};
		7A49FE1F1E2F12F30021D412 = {
			isa = PBXGroup;
			children = (
				7A49FE2A1E2F12F40021D412 /* Eaze */,
				7A49FE291E2F12F40021D412 /* Products */,
				0ED656C3884A1C69D7241295 /* Pods */,
				CC20FEB98651EBC0F899BBBD /* Frameworks */,
			);
			sourceTree = "<group>";
		};
		7A49FE291E2F12F40021D412 /* Products */ = {
			isa = PBXGroup;
			children = (
				7A49FE281E2F12F40021D412 /* Eaze.app */,
			);
			name = Products;
			sourceTree = "<group>";
		};
		7A49FE2A1E2F12F40021D412 /* Eaze */ = {
			isa = PBXGroup;
			children = (
				7A5D80881E7791090074DF7C /* CoreDataManagedObjects */,
				7A8702A71E30688D00303E85 /* Global.swift */,
				7A49FE2B1E2F12F40021D412 /* AppDelegate.swift */,
				7A49FE351E2F12F40021D412 /* Assets.xcassets */,
				7A8702AB1E306A8400303E85 /* ViewControllers */,
				7A4BF01D1E869B6D009825C8 /* storyboard */,
				7A49FE3A1E2F12F40021D412 /* Info.plist */,
				7A49FE321E2F12F40021D412 /* Eaze.xcdatamodeld */,
				7A49FE491E2F25130021D412 /* NSMutableArray+FBbridgingHeader.h */,
				7A49FE4A1E2F25130021D412 /* NSMutableArray+FBbridgingHeader.m */,
				7A49FE481E2F25120021D412 /* Eaze-Bridging-Header.h */,
			);
			path = Eaze;
			sourceTree = "<group>";
		};
		7A4BF01D1E869B6D009825C8 /* storyboard */ = {
			isa = PBXGroup;
			children = (
				7A49FE2F1E2F12F40021D412 /* Main.storyboard */,
				7A49FE371E2F12F40021D412 /* LaunchScreen.storyboard */,
			);
			name = storyboard;
			sourceTree = "<group>";
		};
		7A5D807D1E778DE50074DF7C /* EditProfile */ = {
			isa = PBXGroup;
			children = (
				7A5D807E1E778E120074DF7C /* EditProfileTableViewController.swift */,
				7A5D80801E778E340074DF7C /* ChangeProfilePictureViewController.swift */,
			);
			name = EditProfile;
			sourceTree = "<group>";
		};
		7A5D80821E7790700074DF7C /* ManageData */ = {
			isa = PBXGroup;
			children = (
				7A4BF01B1E85F316009825C8 /* DataController.swift */,
				7A5D80861E7790CC0074DF7C /* CoreDataMethods.swift */,
				7A5D80831E7790AB0074DF7C /* ServerCalls.swift */,
			);
			name = ManageData;
			sourceTree = "<group>";
		};
		7A5D80881E7791090074DF7C /* CoreDataManagedObjects */ = {
			isa = PBXGroup;
			children = (
				7A5D80891E7791480074DF7C /* User+CoreDataClass.swift */,
				7A5D808A1E7791480074DF7C /* User+CoreDataProperties.swift */,
			);
			name = CoreDataManagedObjects;
			sourceTree = "<group>";
		};
		7A8702AB1E306A8400303E85 /* ViewControllers */ = {
			isa = PBXGroup;
			children = (
				7A5D80821E7790700074DF7C /* ManageData */,
				7A5D807D1E778DE50074DF7C /* EditProfile */,
				7AA973481E31C5CF00ABCC85 /* signupLogin */,
				7AA973491E31C5EA00ABCC85 /* location */,
				7AA973471E31C5BB00ABCC85 /* user */,
			);
			name = ViewControllers;
			sourceTree = "<group>";
		};
		7AA973471E31C5BB00ABCC85 /* user */ = {
			isa = PBXGroup;
			children = (
				7AFE578E1E54BD5100772C1D /* profileViewController.swift */,
			);
			name = user;
			sourceTree = "<group>";
		};
		7AA973481E31C5CF00ABCC85 /* signupLogin */ = {
			isa = PBXGroup;
			children = (
				7AA266271E635AA6000598D4 /* OnboardingPageViewController.swift */,
				7A49FE2D1E2F12F40021D412 /* ViewController.swift */,
				7AA266291E635ADE000598D4 /* OnboardingSubViewController.swift */,
			);
			name = signupLogin;
			sourceTree = "<group>";
		};
		7AA973491E31C5EA00ABCC85 /* location */ = {
			isa = PBXGroup;
			children = (
				7AA9734E1E31CB6600ABCC85 /* currentLocViewController.swift */,
				7AFE578A1E535D2700772C1D /* NearbyTableViewController.swift */,
				7AE2C5F21E5FE5FC00C7218D /* SearchBarTableViewCell.swift */,
				7AACFF931E907C2C002EAD13 /* FavoriteTableViewCell.swift */,
			);
			name = location;
			sourceTree = "<group>";
		};
		CC20FEB98651EBC0F899BBBD /* Frameworks */ = {
			isa = PBXGroup;
			children = (
				7AA9734C1E31CA1900ABCC85 /* CoreLocation.framework */,
				7A49FE401E2F23070021D412 /* Bolts.framework */,
				7A49FE411E2F23070021D412 /* FBSDKCoreKit.framework */,
				7A49FE421E2F23070021D412 /* FBSDKLoginKit.framework */,
				7A49FE431E2F23070021D412 /* FBSDKShareKit.framework */,
				9A2CAA852E4A782909CE29C1 /* Pods_Eaze.framework */,
			);
			name = Frameworks;
			sourceTree = "<group>";
		};
/* End PBXGroup section */

/* Begin PBXNativeTarget section */
		7A49FE271E2F12F30021D412 /* Eaze */ = {
			isa = PBXNativeTarget;
			buildConfigurationList = 7A49FE3D1E2F12F40021D412 /* Build configuration list for PBXNativeTarget "Eaze" */;
			buildPhases = (
				616888F0CCDF753F34DC7C28 /* [CP] Check Pods Manifest.lock */,
				7A49FE241E2F12F30021D412 /* Sources */,
				7A49FE251E2F12F30021D412 /* Frameworks */,
				7A49FE261E2F12F30021D412 /* Resources */,
				5223CE49B087E5AF9FAE66F9 /* [CP] Embed Pods Frameworks */,
				BD601437A1EC0F9F3BA7181C /* [CP] Copy Pods Resources */,
			);
			buildRules = (
			);
			dependencies = (
			);
			name = Eaze;
			productName = Eaze;
			productReference = 7A49FE281E2F12F40021D412 /* Eaze.app */;
			productType = "com.apple.product-type.application";
		};
/* End PBXNativeTarget section */

/* Begin PBXProject section */
		7A49FE201E2F12F30021D412 /* Project object */ = {
			isa = PBXProject;
			attributes = {
				LastSwiftUpdateCheck = 0820;
				LastUpgradeCheck = 0820;
				ORGANIZATIONNAME = easeapp;
				TargetAttributes = {
					7A49FE271E2F12F30021D412 = {
						CreatedOnToolsVersion = 8.2.1;
						DevelopmentTeam = W69VD9Y538;
						LastSwiftMigration = 0820;
						ProvisioningStyle = Automatic;
					};
				};
			};
			buildConfigurationList = 7A49FE231E2F12F30021D412 /* Build configuration list for PBXProject "Eaze" */;
			compatibilityVersion = "Xcode 3.2";
			developmentRegion = English;
			hasScannedForEncodings = 0;
			knownRegions = (
				en,
				Base,
			);
			mainGroup = 7A49FE1F1E2F12F30021D412;
			productRefGroup = 7A49FE291E2F12F40021D412 /* Products */;
			projectDirPath = "";
			projectRoot = "";
			targets = (
				7A49FE271E2F12F30021D412 /* Eaze */,
			);
		};
/* End PBXProject section */

/* Begin PBXResourcesBuildPhase section */
		7A49FE261E2F12F30021D412 /* Resources */ = {
			isa = PBXResourcesBuildPhase;
			buildActionMask = 2147483647;
			files = (
				7A49FE391E2F12F40021D412 /* LaunchScreen.storyboard in Resources */,
				7A49FE361E2F12F40021D412 /* Assets.xcassets in Resources */,
				7A49FE311E2F12F40021D412 /* Main.storyboard in Resources */,
			);
			runOnlyForDeploymentPostprocessing = 0;
		};
/* End PBXResourcesBuildPhase section */

/* Begin PBXShellScriptBuildPhase section */
		5223CE49B087E5AF9FAE66F9 /* [CP] Embed Pods Frameworks */ = {
			isa = PBXShellScriptBuildPhase;
			buildActionMask = 2147483647;
			files = (
			);
			inputPaths = (
				"${SRCROOT}/Pods/Target Support Files/Pods-Eaze/Pods-Eaze-frameworks.sh",
				"${BUILT_PRODUCTS_DIR}/Alamofire/Alamofire.framework",
				"${BUILT_PRODUCTS_DIR}/FoldingCell/FoldingCell.framework",
				"${BUILT_PRODUCTS_DIR}/SnapKit/SnapKit.framework",
				"${BUILT_PRODUCTS_DIR}/expanding-collection/expanding_collection.framework",
			);
			name = "[CP] Embed Pods Frameworks";
			outputPaths = (
				"${TARGET_BUILD_DIR}/${FRAMEWORKS_FOLDER_PATH}/Alamofire.framework",
				"${TARGET_BUILD_DIR}/${FRAMEWORKS_FOLDER_PATH}/FoldingCell.framework",
				"${TARGET_BUILD_DIR}/${FRAMEWORKS_FOLDER_PATH}/SnapKit.framework",
				"${TARGET_BUILD_DIR}/${FRAMEWORKS_FOLDER_PATH}/expanding_collection.framework",
			);
			runOnlyForDeploymentPostprocessing = 0;
			shellPath = /bin/sh;
			shellScript = "\"${SRCROOT}/Pods/Target Support Files/Pods-Eaze/Pods-Eaze-frameworks.sh\"\n";
			showEnvVarsInLog = 0;
		};
		616888F0CCDF753F34DC7C28 /* [CP] Check Pods Manifest.lock */ = {
			isa = PBXShellScriptBuildPhase;
			buildActionMask = 2147483647;
			files = (
			);
			inputPaths = (
				"${PODS_PODFILE_DIR_PATH}/Podfile.lock",
				"${PODS_ROOT}/Manifest.lock",
			);
			name = "[CP] Check Pods Manifest.lock";
			outputPaths = (
				"$(DERIVED_FILE_DIR)/Pods-Eaze-checkManifestLockResult.txt",
			);
			runOnlyForDeploymentPostprocessing = 0;
			shellPath = /bin/sh;
			shellScript = "diff \"${PODS_PODFILE_DIR_PATH}/Podfile.lock\" \"${PODS_ROOT}/Manifest.lock\" > /dev/null\nif [ $? != 0 ] ; then\n    # print error to STDERR\n    echo \"error: The sandbox is not in sync with the Podfile.lock. Run 'pod install' or update your CocoaPods installation.\" >&2\n    exit 1\nfi\n# This output is used by Xcode 'outputs' to avoid re-running this script phase.\necho \"SUCCESS\" > \"${SCRIPT_OUTPUT_FILE_0}\"\n";
			showEnvVarsInLog = 0;
		};
		BD601437A1EC0F9F3BA7181C /* [CP] Copy Pods Resources */ = {
			isa = PBXShellScriptBuildPhase;
			buildActionMask = 2147483647;
			files = (
			);
			inputPaths = (
			);
			name = "[CP] Copy Pods Resources";
			outputPaths = (
			);
			runOnlyForDeploymentPostprocessing = 0;
			shellPath = /bin/sh;
			shellScript = "\"${SRCROOT}/Pods/Target Support Files/Pods-Eaze/Pods-Eaze-resources.sh\"\n";
			showEnvVarsInLog = 0;
		};
/* End PBXShellScriptBuildPhase section */

/* Begin PBXSourcesBuildPhase section */
		7A49FE241E2F12F30021D412 /* Sources */ = {
			isa = PBXSourcesBuildPhase;
			buildActionMask = 2147483647;
			files = (
				7A5D80871E7790CC0074DF7C /* CoreDataMethods.swift in Sources */,
				7A49FE4B1E2F25130021D412 /* NSMutableArray+FBbridgingHeader.m in Sources */,
				7AA9734F1E31CB6600ABCC85 /* currentLocViewController.swift in Sources */,
				7AFE578B1E535D2700772C1D /* NearbyTableViewController.swift in Sources */,
				7A49FE2E1E2F12F40021D412 /* ViewController.swift in Sources */,
				7AA2662A1E635ADE000598D4 /* OnboardingSubViewController.swift in Sources */,
				7A5D808B1E7791480074DF7C /* User+CoreDataClass.swift in Sources */,
				7A5D807F1E778E120074DF7C /* EditProfileTableViewController.swift in Sources */,
				7A5D80841E7790AB0074DF7C /* ServerCalls.swift in Sources */,
				7A49FE2C1E2F12F40021D412 /* AppDelegate.swift in Sources */,
				7AE2C5F31E5FE5FC00C7218D /* SearchBarTableViewCell.swift in Sources */,
				7A8702A81E30688D00303E85 /* Global.swift in Sources */,
				7AFE578F1E54BD5100772C1D /* profileViewController.swift in Sources */,
				7A4BF01C1E85F316009825C8 /* DataController.swift in Sources */,
				7A5D808C1E7791480074DF7C /* User+CoreDataProperties.swift in Sources */,
				7A49FE341E2F12F40021D412 /* Eaze.xcdatamodeld in Sources */,
				7AA266281E635AA6000598D4 /* OnboardingPageViewController.swift in Sources */,
				7AACFF941E907C2C002EAD13 /* FavoriteTableViewCell.swift in Sources */,
				7A5D80811E778E340074DF7C /* ChangeProfilePictureViewController.swift in Sources */,
			);
			runOnlyForDeploymentPostprocessing = 0;
		};
/* End PBXSourcesBuildPhase section */

/* Begin PBXVariantGroup section */
		7A49FE2F1E2F12F40021D412 /* Main.storyboard */ = {
			isa = PBXVariantGroup;
			children = (
				7A49FE301E2F12F40021D412 /* Base */,
			);
			name = Main.storyboard;
			sourceTree = "<group>";
		};
		7A49FE371E2F12F40021D412 /* LaunchScreen.storyboard */ = {
			isa = PBXVariantGroup;
			children = (
				7A49FE381E2F12F40021D412 /* Base */,
			);
			name = LaunchScreen.storyboard;
			sourceTree = "<group>";
		};
/* End PBXVariantGroup section */

/* Begin XCBuildConfiguration section */
		7A49FE3B1E2F12F40021D412 /* Debug */ = {
			isa = XCBuildConfiguration;
			buildSettings = {
				ALWAYS_SEARCH_USER_PATHS = NO;
				CLANG_ANALYZER_NONNULL = YES;
				CLANG_CXX_LANGUAGE_STANDARD = "gnu++0x";
				CLANG_CXX_LIBRARY = "libc++";
				CLANG_ENABLE_MODULES = YES;
				CLANG_ENABLE_OBJC_ARC = YES;
				CLANG_WARN_BOOL_CONVERSION = YES;
				CLANG_WARN_CONSTANT_CONVERSION = YES;
				CLANG_WARN_DIRECT_OBJC_ISA_USAGE = YES_ERROR;
				CLANG_WARN_DOCUMENTATION_COMMENTS = YES;
				CLANG_WARN_EMPTY_BODY = YES;
				CLANG_WARN_ENUM_CONVERSION = YES;
				CLANG_WARN_INFINITE_RECURSION = YES;
				CLANG_WARN_INT_CONVERSION = YES;
				CLANG_WARN_OBJC_ROOT_CLASS = YES_ERROR;
				CLANG_WARN_SUSPICIOUS_MOVE = YES;
				CLANG_WARN_UNREACHABLE_CODE = YES;
				CLANG_WARN__DUPLICATE_METHOD_MATCH = YES;
				"CODE_SIGN_IDENTITY[sdk=iphoneos*]" = "iPhone Developer";
				COPY_PHASE_STRIP = NO;
				DEBUG_INFORMATION_FORMAT = dwarf;
				ENABLE_STRICT_OBJC_MSGSEND = YES;
				ENABLE_TESTABILITY = YES;
				GCC_C_LANGUAGE_STANDARD = gnu99;
				GCC_DYNAMIC_NO_PIC = NO;
				GCC_NO_COMMON_BLOCKS = YES;
				GCC_OPTIMIZATION_LEVEL = 0;
				GCC_PREPROCESSOR_DEFINITIONS = (
					"DEBUG=1",
					"$(inherited)",
				);
				GCC_WARN_64_TO_32_BIT_CONVERSION = YES;
				GCC_WARN_ABOUT_RETURN_TYPE = YES_ERROR;
				GCC_WARN_UNDECLARED_SELECTOR = YES;
				GCC_WARN_UNINITIALIZED_AUTOS = YES_AGGRESSIVE;
				GCC_WARN_UNUSED_FUNCTION = YES;
				GCC_WARN_UNUSED_VARIABLE = YES;
				IPHONEOS_DEPLOYMENT_TARGET = 10.2;
				MTL_ENABLE_DEBUG_INFO = YES;
				ONLY_ACTIVE_ARCH = YES;
				SDKROOT = iphoneos;
				SWIFT_ACTIVE_COMPILATION_CONDITIONS = DEBUG;
				SWIFT_OPTIMIZATION_LEVEL = "-Onone";
			};
			name = Debug;
		};
		7A49FE3C1E2F12F40021D412 /* Release */ = {
			isa = XCBuildConfiguration;
			buildSettings = {
				ALWAYS_SEARCH_USER_PATHS = NO;
				CLANG_ANALYZER_NONNULL = YES;
				CLANG_CXX_LANGUAGE_STANDARD = "gnu++0x";
				CLANG_CXX_LIBRARY = "libc++";
				CLANG_ENABLE_MODULES = YES;
				CLANG_ENABLE_OBJC_ARC = YES;
				CLANG_WARN_BOOL_CONVERSION = YES;
				CLANG_WARN_CONSTANT_CONVERSION = YES;
				CLANG_WARN_DIRECT_OBJC_ISA_USAGE = YES_ERROR;
				CLANG_WARN_DOCUMENTATION_COMMENTS = YES;
				CLANG_WARN_EMPTY_BODY = YES;
				CLANG_WARN_ENUM_CONVERSION = YES;
				CLANG_WARN_INFINITE_RECURSION = YES;
				CLANG_WARN_INT_CONVERSION = YES;
				CLANG_WARN_OBJC_ROOT_CLASS = YES_ERROR;
				CLANG_WARN_SUSPICIOUS_MOVE = YES;
				CLANG_WARN_UNREACHABLE_CODE = YES;
				CLANG_WARN__DUPLICATE_METHOD_MATCH = YES;
				"CODE_SIGN_IDENTITY[sdk=iphoneos*]" = "iPhone Developer";
				COPY_PHASE_STRIP = NO;
				DEBUG_INFORMATION_FORMAT = "dwarf-with-dsym";
				ENABLE_NS_ASSERTIONS = NO;
				ENABLE_STRICT_OBJC_MSGSEND = YES;
				GCC_C_LANGUAGE_STANDARD = gnu99;
				GCC_NO_COMMON_BLOCKS = YES;
				GCC_WARN_64_TO_32_BIT_CONVERSION = YES;
				GCC_WARN_ABOUT_RETURN_TYPE = YES_ERROR;
				GCC_WARN_UNDECLARED_SELECTOR = YES;
				GCC_WARN_UNINITIALIZED_AUTOS = YES_AGGRESSIVE;
				GCC_WARN_UNUSED_FUNCTION = YES;
				GCC_WARN_UNUSED_VARIABLE = YES;
				IPHONEOS_DEPLOYMENT_TARGET = 10.2;
				MTL_ENABLE_DEBUG_INFO = NO;
				SDKROOT = iphoneos;
				SWIFT_OPTIMIZATION_LEVEL = "-Owholemodule";
				VALIDATE_PRODUCT = YES;
			};
			name = Release;
		};
		7A49FE3E1E2F12F40021D412 /* Debug */ = {
			isa = XCBuildConfiguration;
			baseConfigurationReference = B810C0324E2A580EADBE8E5B /* Pods-Eaze.debug.xcconfig */;
			buildSettings = {
				ASSETCATALOG_COMPILER_APPICON_NAME = AppIcon;
				CLANG_ENABLE_MODULES = YES;
				DEVELOPMENT_TEAM = W69VD9Y538;
				FRAMEWORK_SEARCH_PATHS = (
					"$(inherited)",
					"$(PROJECT_DIR)",
				);
				INFOPLIST_FILE = Eaze/Info.plist;
				IPHONEOS_DEPLOYMENT_TARGET = 10.2;
				LD_RUNPATH_SEARCH_PATHS = "$(inherited) @executable_path/Frameworks";
				PRODUCT_BUNDLE_IDENTIFIER = com.eazeapp.Eaze;
				PRODUCT_NAME = "$(TARGET_NAME)";
				SWIFT_OBJC_BRIDGING_HEADER = "Eaze/Eaze-Bridging-Header.h";
				SWIFT_OPTIMIZATION_LEVEL = "-Onone";
				SWIFT_VERSION = 3.0;
			};
			name = Debug;
		};
		7A49FE3F1E2F12F40021D412 /* Release */ = {
			isa = XCBuildConfiguration;
			baseConfigurationReference = CA057D7C373F49FE141167BB /* Pods-Eaze.release.xcconfig */;
			buildSettings = {
				ASSETCATALOG_COMPILER_APPICON_NAME = AppIcon;
				CLANG_ENABLE_MODULES = YES;
				DEVELOPMENT_TEAM = W69VD9Y538;
				FRAMEWORK_SEARCH_PATHS = (
					"$(inherited)",
					"$(PROJECT_DIR)",
				);
				INFOPLIST_FILE = Eaze/Info.plist;
				IPHONEOS_DEPLOYMENT_TARGET = 10.2;
				LD_RUNPATH_SEARCH_PATHS = "$(inherited) @executable_path/Frameworks";
				PRODUCT_BUNDLE_IDENTIFIER = com.eazeapp.Eaze;
				PRODUCT_NAME = "$(TARGET_NAME)";
				SWIFT_OBJC_BRIDGING_HEADER = "Eaze/Eaze-Bridging-Header.h";
				SWIFT_VERSION = 3.0;
			};
			name = Release;
		};
/* End XCBuildConfiguration section */

/* Begin XCConfigurationList section */
		7A49FE231E2F12F30021D412 /* Build configuration list for PBXProject "Eaze" */ = {
			isa = XCConfigurationList;
			buildConfigurations = (
				7A49FE3B1E2F12F40021D412 /* Debug */,
				7A49FE3C1E2F12F40021D412 /* Release */,
			);
			defaultConfigurationIsVisible = 0;
			defaultConfigurationName = Release;
		};
		7A49FE3D1E2F12F40021D412 /* Build configuration list for PBXNativeTarget "Eaze" */ = {
			isa = XCConfigurationList;
			buildConfigurations = (
				7A49FE3E1E2F12F40021D412 /* Debug */,
				7A49FE3F1E2F12F40021D412 /* Release */,
			);
			defaultConfigurationIsVisible = 0;
			defaultConfigurationName = Release;
		};
/* End XCConfigurationList section */

/* Begin XCVersionGroup section */
		7A49FE321E2F12F40021D412 /* Eaze.xcdatamodeld */ = {
			isa = XCVersionGroup;
			children = (
				7AD51D531E86C7C8007EE401 /* Eaze2.xcdatamodel */,
				7A5D808D1E7791720074DF7C /* Eaze1.xcdatamodel */,
				7A49FE331E2F12F40021D412 /* Eaze.xcdatamodel */,
			);
			currentVersion = 7AD51D531E86C7C8007EE401 /* Eaze2.xcdatamodel */;
			path = Eaze.xcdatamodeld;
			sourceTree = "<group>";
			versionGroupType = wrapper.xcdatamodel;
		};
/* End XCVersionGroup section */
	};
	rootObject = 7A49FE201E2F12F30021D412 /* Project object */;
}
